Microsoft Visual Studio Solution File, Format Version 12.00
# Visual Studio Version 17
VisualStudioVersion = 17.5.2.0
MinimumVisualStudioVersion = 10.0.40219.1
Project("{FAE04EC0-301F-11D3-BF4B-00C04F79EFBC}") = "ClipboardImageWatcher", "ClipboardImageWatcher\ClipboardImageWatcher.csproj", "{706559A5-1A63-D28E-6327-1F6509641AB1}"
EndProject
Global
	GlobalSection(SolutionConfigurationPlatforms) = preSolution
		Debug|Any CPU = Debug|Any CPU
		Release|Any CPU = Release|Any CPU
	EndGlobalSection
	GlobalSection(ProjectConfigurationPlatforms) = postSolution
		{706559A5-1A63-D28E-6327-1F6509641AB1}.Debug|Any CPU.ActiveCfg = Debug|Any CPU
		{706559A5-1A63-D28E-6327-1F6509641AB1}.Debug|Any CPU.Build.0 = Debug|Any CPU
		{706559A5-1A63-D28E-6327-1F6509641AB1}.Release|Any CPU.ActiveCfg = Release|Any CPU
		{706559A5-1A63-D28E-6327-1F6509641AB1}.Release|Any CPU.Build.0 = Release|Any CPU
	EndGlobalSection
	GlobalSection(SolutionProperties) = preSolution
		HideSolutionNode = FALSE
	EndGlobalSection
	GlobalSection(ExtensibilityGlobals) = postSolution
		SolutionGuid = {5EBBC9FD-CAC3-4AF5-8549-EC38F264BFBC}
	EndGlobalSection
EndGlobal
